
Microsoft Visual Studio Solution File, Format Version 12.00
# Visual Studio Version 17
VisualStudioVersion = 17.14.36310.24 d17.14
MinimumVisualStudioVersion = 10.0.40219.1
Project("{FAE04EC0-301F-11D3-BF4B-00C04F79EFBC}") = "WeddingCheckList", "WeddingCheckList\WeddingCheckList.csproj", "{5CE9ACAF-7160-47EC-B31E-E995377F158E}"
EndProject
Global
	GlobalSection(SolutionConfigurationPlatforms) = preSolution
		Debug|Any CPU = Debug|Any CPU
		Release|Any CPU = Release|Any CPU
	EndGlobalSection
	GlobalSection(ProjectConfigurationPlatforms) = postSolution
		{5CE9ACAF-7160-47EC-B31E-E995377F158E}.Debug|Any CPU.ActiveCfg = Debug|Any CPU
		{5CE9ACAF-7160-47EC-B31E-E995377F158E}.Debug|Any CPU.Build.0 = Debug|Any CPU
		{5CE9ACAF-7160-47EC-B31E-E995377F158E}.Release|Any CPU.ActiveCfg = Release|Any CPU
		{5CE9ACAF-7160-47EC-B31E-E995377F158E}.Release|Any CPU.Build.0 = Release|Any CPU
	EndGlobalSection
	GlobalSection(SolutionProperties) = preSolution
		HideSolutionNode = FALSE
	EndGlobalSection
	GlobalSection(ExtensibilityGlobals) = postSolution
		SolutionGuid = {851DB0E5-A651-436F-B636-6A6FF13ED3CE}
	EndGlobalSection
EndGlobal
